
Microsoft Visual Studio Solution File, Format Version 12.00
# Visual Studio 15
VisualStudioVersion = 15.0.26730.12
MinimumVisualStudioVersion = 10.0.40219.1
Project("{FAE04EC0-301F-11D3-BF4B-00C04F79EFBC}") = "RFID", "RFID.csproj", "{31A7DD89-BEB8-413D-9599-41B83B5D4EA5}"
EndProject
Global
	GlobalSection(SolutionConfigurationPlatforms) = preSolution
		Debug|Any CPU = Debug|Any CPU
		Release|Any CPU = Release|Any CPU
	EndGlobalSection
	GlobalSection(ProjectConfigurationPlatforms) = postSolution
		{31A7DD89-BEB8-413D-9599-41B83B5D4EA5}.Debug|Any CPU.ActiveCfg = Debug|Any CPU
		{31A7DD89-BEB8-413D-9599-41B83B5D4EA5}.Debug|Any CPU.Build.0 = Debug|Any CPU
		{31A7DD89-BEB8-413D-9599-41B83B5D4EA5}.Release|Any CPU.ActiveCfg = Release|Any CPU
		{31A7DD89-BEB8-413D-9599-41B83B5D4EA5}.Release|Any CPU.Build.0 = Release|Any CPU
	EndGlobalSection
	GlobalSection(SolutionProperties) = preSolution
		HideSolutionNode = FALSE
	EndGlobalSection
	GlobalSection(ExtensibilityGlobals) = postSolution
		SolutionGuid = {FF2D2F38-1F54-4559-8B69-D69B466FAC20}
	EndGlobalSection
EndGlobal
